
Microsoft Visual Studio Solution File, Format Version 12.00
# Visual Studio Version 17
VisualStudioVersion = 17.0.32112.339
MinimumVisualStudioVersion = 10.0.40219.1
Project("{FAE04EC0-301F-11D3-BF4B-00C04F79EFBC}") = "MovieRetail", "MovieRetail\MovieRetail.csproj", "{98BFF88F-1C07-4100-803E-88AC180F9F66}"
EndProject
Global
	GlobalSection(SolutionConfigurationPlatforms) = preSolution
		Debug|Any CPU = Debug|Any CPU
		Release|Any CPU = Release|Any CPU
	EndGlobalSection
	GlobalSection(ProjectConfigurationPlatforms) = postSolution
		{98BFF88F-1C07-4100-803E-88AC180F9F66}.Debug|Any CPU.ActiveCfg = Debug|Any CPU
		{98BFF88F-1C07-4100-803E-88AC180F9F66}.Debug|Any CPU.Build.0 = Debug|Any CPU
		{98BFF88F-1C07-4100-803E-88AC180F9F66}.Release|Any CPU.ActiveCfg = Release|Any CPU
		{98BFF88F-1C07-4100-803E-88AC180F9F66}.Release|Any CPU.Build.0 = Release|Any CPU
	EndGlobalSection
	GlobalSection(SolutionProperties) = preSolution
		HideSolutionNode = FALSE
	EndGlobalSection
	GlobalSection(ExtensibilityGlobals) = postSolution
		SolutionGuid = {83CD5A00-C80A-4320-B034-D73C58E7AE5A}
	EndGlobalSection
EndGlobal
